
Microsoft Visual Studio Solution File, Format Version 12.00
# Visual Studio 2012
Project("{FAE04EC0-301F-11D3-BF4B-00C04F79EFBC}") = "Platform.TestClient", "Platform.TestClient\Platform.TestClient.csproj", "{9366FCEF-4F98-494E-88D0-BB716551C8C0}"
EndProject
Project("{FAE04EC0-301F-11D3-BF4B-00C04F79EFBC}") = "Platform.Core", "Platform.Core\Platform.Core.csproj", "{39F04669-CAA7-4F30-8BE2-6CF79F49F2E6}"
EndProject
Project("{FAE04EC0-301F-11D3-BF4B-00C04F79EFBC}") = "Platform.Node", "Platform.Node\Platform.Node.csproj", "{9B95971F-9DC9-4981-A7CB-8F6576EA39BB}"
EndProject
Project("{FAE04EC0-301F-11D3-BF4B-00C04F79EFBC}") = "SmartApp.Sample1.Chat", "SmartApp.Sample1.Chat\SmartApp.Sample1.Chat.csproj", "{C78D9059-3E80-4DA1-91EE-345D26298371}"
EndProject
Project("{FAE04EC0-301F-11D3-BF4B-00C04F79EFBC}") = "SmartApp.Sample2.Incremental", "SmartApp.Sample2.Continuous\SmartApp.Sample2.Incremental.csproj", "{F2159E41-F9B6-4EC8-8748-413CDC1DA1A9}"
EndProject
Project("{2150E333-8FDC-42A3-9474-1A3956D46DE8}") = "Samples (DEBUG only)", "Samples (DEBUG only)", "{8846155F-5016-478B-A62B-3864DA98B899}"
	ProjectSection(SolutionItems) = preProject
		SamplesReadme.md = SamplesReadme.md
	EndProjectSection
EndProject
Project("{FAE04EC0-301F-11D3-BF4B-00C04F79EFBC}") = "SmartApp.Sample3.Incremental", "SmartApp.Sample3.Continuous\SmartApp.Sample3.Incremental.csproj", "{34C1B019-E269-4F03-9E57-43515DA122D5}"
EndProject
Project("{FAE04EC0-301F-11D3-BF4B-00C04F79EFBC}") = "SmartApp.Sample3.Dump", "SmartApp.Sample3.Dump\SmartApp.Sample3.Dump.csproj", "{C867A050-FCCD-462C-AF0A-3B4AB53020A5}"
EndProject
Project("{FAE04EC0-301F-11D3-BF4B-00C04F79EFBC}") = "SmartApp.Sample3.WebUI", "SmartApp.Sample3.WebUI\SmartApp.Sample3.WebUI.csproj", "{5E6D9ED1-BB2B-4940-8A42-53D8C7C1C821}"
EndProject
Project("{FAE04EC0-301F-11D3-BF4B-00C04F79EFBC}") = "SmartApp.Sample3.Contracts", "SmartApp.Sample3.Contracts\SmartApp.Sample3.Contracts.csproj", "{FA56BCB1-EEF4-4ECE-8E41-A506AB5C0984}"
EndProject
Project("{FAE04EC0-301F-11D3-BF4B-00C04F79EFBC}") = "SmartApp.Sample3.Tests", "SmartApp.Sample3.Tests\SmartApp.Sample3.Tests.csproj", "{0E7E52A9-3E62-4726-BC75-1A22F2C14308}"
EndProject
Project("{FAE04EC0-301F-11D3-BF4B-00C04F79EFBC}") = "Platform.Core.Tests", "Platform.Core.Tests\Platform.Core.Tests.csproj", "{042AF43A-07DD-45C6-8720-90987D238A33}"
EndProject
Project("{FAE04EC0-301F-11D3-BF4B-00C04F79EFBC}") = "Platform.Node.Service", "Platform.Node.Service\Platform.Node.Service.csproj", "{D29B526C-A3B4-4BC9-91D1-2F0C9C154108}"
EndProject
Project("{2150E333-8FDC-42A3-9474-1A3956D46DE8}") = "Solution Items", "Solution Items", "{8318E1B8-DFD7-4445-B319-2103BA983291}"
	ProjectSection(SolutionItems) = preProject
		README.md = README.md
	EndProjectSection
EndProject
Project("{FAE04EC0-301F-11D3-BF4B-00C04F79EFBC}") = "Host", "Host\Host.csproj", "{6F1BE220-F5E4-4249-9DE6-6FC456887A52}"
EndProject
Project("{FAE04EC0-301F-11D3-BF4B-00C04F79EFBC}") = "Platform.MafContract", "Platform.MafContract\Platform.MafContract.csproj", "{D4D23314-F160-46BE-A79E-DDA975C7C2AB}"
EndProject
Project("{2150E333-8FDC-42A3-9474-1A3956D46DE8}") = "Maf", "Maf", "{08B019C7-DF0E-478C-9234-48F476A5AA1E}"
EndProject
Project("{FAE04EC0-301F-11D3-BF4B-00C04F79EFBC}") = "Platform.MafAddInView", "Platform.MafAddInView\Platform.MafAddInView.csproj", "{61DF1046-3BDA-487E-9C28-91421EA19F69}"
EndProject
Project("{FAE04EC0-301F-11D3-BF4B-00C04F79EFBC}") = "Platform.MafHVA", "Platform.MafHVA\Platform.MafHVA.csproj", "{1208010C-3593-4652-A0B1-22B3ACAB088F}"
EndProject
Project("{FAE04EC0-301F-11D3-BF4B-00C04F79EFBC}") = "MafAddInSideAdapter", "MafAddInSideAdapter\MafAddInSideAdapter.csproj", "{E8538817-E47A-4792-BDB0-C640D0C8479D}"
EndProject
Project("{FAE04EC0-301F-11D3-BF4B-00C04F79EFBC}") = "Platform.MafHostSideAdapter", "Platform.MafHostSideAdapter\Platform.MafHostSideAdapter.csproj", "{E7B9B57C-15A9-4884-A8B9-AAD35EB9D75D}"
EndProject
Project("{FAE04EC0-301F-11D3-BF4B-00C04F79EFBC}") = "AddInMyEmailSender", "AddInMyEmailSender\AddInMyEmailSender.csproj", "{2C748E0F-3540-48D5-A646-14B0AB735C2B}"
EndProject
Project("{FAE04EC0-301F-11D3-BF4B-00C04F79EFBC}") = "EmailSender", "EmailSender\EmailSender.csproj", "{5E35693F-9378-4DE7-AA26-0EC0FA6C1F75}"
EndProject
Global
	GlobalSection(SolutionConfigurationPlatforms) = preSolution
		Debug|Any CPU = Debug|Any CPU
		Release|Any CPU = Release|Any CPU
	EndGlobalSection
	GlobalSection(ProjectConfigurationPlatforms) = postSolution
		{9366FCEF-4F98-494E-88D0-BB716551C8C0}.Debug|Any CPU.ActiveCfg = Debug|Any CPU
		{9366FCEF-4F98-494E-88D0-BB716551C8C0}.Debug|Any CPU.Build.0 = Debug|Any CPU
		{9366FCEF-4F98-494E-88D0-BB716551C8C0}.Release|Any CPU.ActiveCfg = Release|Any CPU
		{9366FCEF-4F98-494E-88D0-BB716551C8C0}.Release|Any CPU.Build.0 = Release|Any CPU
		{39F04669-CAA7-4F30-8BE2-6CF79F49F2E6}.Debug|Any CPU.ActiveCfg = Debug|Any CPU
		{39F04669-CAA7-4F30-8BE2-6CF79F49F2E6}.Debug|Any CPU.Build.0 = Debug|Any CPU
		{39F04669-CAA7-4F30-8BE2-6CF79F49F2E6}.Release|Any CPU.ActiveCfg = Release|Any CPU
		{39F04669-CAA7-4F30-8BE2-6CF79F49F2E6}.Release|Any CPU.Build.0 = Release|Any CPU
		{9B95971F-9DC9-4981-A7CB-8F6576EA39BB}.Debug|Any CPU.ActiveCfg = Debug|Any CPU
		{9B95971F-9DC9-4981-A7CB-8F6576EA39BB}.Debug|Any CPU.Build.0 = Debug|Any CPU
		{9B95971F-9DC9-4981-A7CB-8F6576EA39BB}.Release|Any CPU.ActiveCfg = Release|Any CPU
		{9B95971F-9DC9-4981-A7CB-8F6576EA39BB}.Release|Any CPU.Build.0 = Release|Any CPU
		{C78D9059-3E80-4DA1-91EE-345D26298371}.Debug|Any CPU.ActiveCfg = Debug|Any CPU
		{C78D9059-3E80-4DA1-91EE-345D26298371}.Debug|Any CPU.Build.0 = Debug|Any CPU
		{C78D9059-3E80-4DA1-91EE-345D26298371}.Release|Any CPU.ActiveCfg = Release|Any CPU
		{F2159E41-F9B6-4EC8-8748-413CDC1DA1A9}.Debug|Any CPU.ActiveCfg = Debug|Any CPU
		{F2159E41-F9B6-4EC8-8748-413CDC1DA1A9}.Debug|Any CPU.Build.0 = Debug|Any CPU
		{F2159E41-F9B6-4EC8-8748-413CDC1DA1A9}.Release|Any CPU.ActiveCfg = Release|Any CPU
		{34C1B019-E269-4F03-9E57-43515DA122D5}.Debug|Any CPU.ActiveCfg = Debug|Any CPU
		{34C1B019-E269-4F03-9E57-43515DA122D5}.Debug|Any CPU.Build.0 = Debug|Any CPU
		{34C1B019-E269-4F03-9E57-43515DA122D5}.Release|Any CPU.ActiveCfg = Release|Any CPU
		{C867A050-FCCD-462C-AF0A-3B4AB53020A5}.Debug|Any CPU.ActiveCfg = Debug|Any CPU
		{C867A050-FCCD-462C-AF0A-3B4AB53020A5}.Debug|Any CPU.Build.0 = Debug|Any CPU
		{C867A050-FCCD-462C-AF0A-3B4AB53020A5}.Release|Any CPU.ActiveCfg = Release|Any CPU
		{5E6D9ED1-BB2B-4940-8A42-53D8C7C1C821}.Debug|Any CPU.ActiveCfg = Debug|Any CPU
		{5E6D9ED1-BB2B-4940-8A42-53D8C7C1C821}.Debug|Any CPU.Build.0 = Debug|Any CPU
		{5E6D9ED1-BB2B-4940-8A42-53D8C7C1C821}.Release|Any CPU.ActiveCfg = Release|Any CPU
		{FA56BCB1-EEF4-4ECE-8E41-A506AB5C0984}.Debug|Any CPU.ActiveCfg = Debug|Any CPU
		{FA56BCB1-EEF4-4ECE-8E41-A506AB5C0984}.Debug|Any CPU.Build.0 = Debug|Any CPU
		{FA56BCB1-EEF4-4ECE-8E41-A506AB5C0984}.Release|Any CPU.ActiveCfg = Release|Any CPU
		{0E7E52A9-3E62-4726-BC75-1A22F2C14308}.Debug|Any CPU.ActiveCfg = Debug|Any CPU
		{0E7E52A9-3E62-4726-BC75-1A22F2C14308}.Debug|Any CPU.Build.0 = Debug|Any CPU
		{0E7E52A9-3E62-4726-BC75-1A22F2C14308}.Release|Any CPU.ActiveCfg = Release|Any CPU
		{042AF43A-07DD-45C6-8720-90987D238A33}.Debug|Any CPU.ActiveCfg = Debug|Any CPU
		{042AF43A-07DD-45C6-8720-90987D238A33}.Debug|Any CPU.Build.0 = Debug|Any CPU
		{042AF43A-07DD-45C6-8720-90987D238A33}.Release|Any CPU.ActiveCfg = Release|Any CPU
		{042AF43A-07DD-45C6-8720-90987D238A33}.Release|Any CPU.Build.0 = Release|Any CPU
		{D29B526C-A3B4-4BC9-91D1-2F0C9C154108}.Debug|Any CPU.ActiveCfg = Debug|Any CPU
		{D29B526C-A3B4-4BC9-91D1-2F0C9C154108}.Debug|Any CPU.Build.0 = Debug|Any CPU
		{D29B526C-A3B4-4BC9-91D1-2F0C9C154108}.Release|Any CPU.ActiveCfg = Release|Any CPU
		{D29B526C-A3B4-4BC9-91D1-2F0C9C154108}.Release|Any CPU.Build.0 = Release|Any CPU
		{6F1BE220-F5E4-4249-9DE6-6FC456887A52}.Debug|Any CPU.ActiveCfg = Debug|Any CPU
		{6F1BE220-F5E4-4249-9DE6-6FC456887A52}.Debug|Any CPU.Build.0 = Debug|Any CPU
		{6F1BE220-F5E4-4249-9DE6-6FC456887A52}.Release|Any CPU.ActiveCfg = Release|Any CPU
		{6F1BE220-F5E4-4249-9DE6-6FC456887A52}.Release|Any CPU.Build.0 = Release|Any CPU
		{D4D23314-F160-46BE-A79E-DDA975C7C2AB}.Debug|Any CPU.ActiveCfg = Debug|Any CPU
		{D4D23314-F160-46BE-A79E-DDA975C7C2AB}.Debug|Any CPU.Build.0 = Debug|Any CPU
		{D4D23314-F160-46BE-A79E-DDA975C7C2AB}.Release|Any CPU.ActiveCfg = Release|Any CPU
		{D4D23314-F160-46BE-A79E-DDA975C7C2AB}.Release|Any CPU.Build.0 = Release|Any CPU
		{61DF1046-3BDA-487E-9C28-91421EA19F69}.Debug|Any CPU.ActiveCfg = Debug|Any CPU
		{61DF1046-3BDA-487E-9C28-91421EA19F69}.Debug|Any CPU.Build.0 = Debug|Any CPU
		{61DF1046-3BDA-487E-9C28-91421EA19F69}.Release|Any CPU.ActiveCfg = Release|Any CPU
		{61DF1046-3BDA-487E-9C28-91421EA19F69}.Release|Any CPU.Build.0 = Release|Any CPU
		{1208010C-3593-4652-A0B1-22B3ACAB088F}.Debug|Any CPU.ActiveCfg = Debug|Any CPU
		{1208010C-3593-4652-A0B1-22B3ACAB088F}.Debug|Any CPU.Build.0 = Debug|Any CPU
		{1208010C-3593-4652-A0B1-22B3ACAB088F}.Release|Any CPU.ActiveCfg = Release|Any CPU
		{1208010C-3593-4652-A0B1-22B3ACAB088F}.Release|Any CPU.Build.0 = Release|Any CPU
		{E8538817-E47A-4792-BDB0-C640D0C8479D}.Debug|Any CPU.ActiveCfg = Debug|Any CPU
		{E8538817-E47A-4792-BDB0-C640D0C8479D}.Debug|Any CPU.Build.0 = Debug|Any CPU
		{E8538817-E47A-4792-BDB0-C640D0C8479D}.Release|Any CPU.ActiveCfg = Release|Any CPU
		{E8538817-E47A-4792-BDB0-C640D0C8479D}.Release|Any CPU.Build.0 = Release|Any CPU
		{E7B9B57C-15A9-4884-A8B9-AAD35EB9D75D}.Debug|Any CPU.ActiveCfg = Debug|Any CPU
		{E7B9B57C-15A9-4884-A8B9-AAD35EB9D75D}.Debug|Any CPU.Build.0 = Debug|Any CPU
		{E7B9B57C-15A9-4884-A8B9-AAD35EB9D75D}.Release|Any CPU.ActiveCfg = Release|Any CPU
		{E7B9B57C-15A9-4884-A8B9-AAD35EB9D75D}.Release|Any CPU.Build.0 = Release|Any CPU
		{2C748E0F-3540-48D5-A646-14B0AB735C2B}.Debug|Any CPU.ActiveCfg = Debug|Any CPU
		{2C748E0F-3540-48D5-A646-14B0AB735C2B}.Debug|Any CPU.Build.0 = Debug|Any CPU
		{2C748E0F-3540-48D5-A646-14B0AB735C2B}.Release|Any CPU.ActiveCfg = Release|Any CPU
		{2C748E0F-3540-48D5-A646-14B0AB735C2B}.Release|Any CPU.Build.0 = Release|Any CPU
		{5E35693F-9378-4DE7-AA26-0EC0FA6C1F75}.Debug|Any CPU.ActiveCfg = Debug|Any CPU
		{5E35693F-9378-4DE7-AA26-0EC0FA6C1F75}.Debug|Any CPU.Build.0 = Debug|Any CPU
		{5E35693F-9378-4DE7-AA26-0EC0FA6C1F75}.Release|Any CPU.ActiveCfg = Release|Any CPU
		{5E35693F-9378-4DE7-AA26-0EC0FA6C1F75}.Release|Any CPU.Build.0 = Release|Any CPU
	EndGlobalSection
	GlobalSection(SolutionProperties) = preSolution
		HideSolutionNode = FALSE
	EndGlobalSection
	GlobalSection(NestedProjects) = preSolution
		{F2159E41-F9B6-4EC8-8748-413CDC1DA1A9} = {8846155F-5016-478B-A62B-3864DA98B899}
		{C78D9059-3E80-4DA1-91EE-345D26298371} = {8846155F-5016-478B-A62B-3864DA98B899}
		{34C1B019-E269-4F03-9E57-43515DA122D5} = {8846155F-5016-478B-A62B-3864DA98B899}
		{C867A050-FCCD-462C-AF0A-3B4AB53020A5} = {8846155F-5016-478B-A62B-3864DA98B899}
		{5E6D9ED1-BB2B-4940-8A42-53D8C7C1C821} = {8846155F-5016-478B-A62B-3864DA98B899}
		{FA56BCB1-EEF4-4ECE-8E41-A506AB5C0984} = {8846155F-5016-478B-A62B-3864DA98B899}
		{0E7E52A9-3E62-4726-BC75-1A22F2C14308} = {8846155F-5016-478B-A62B-3864DA98B899}
		{6F1BE220-F5E4-4249-9DE6-6FC456887A52} = {08B019C7-DF0E-478C-9234-48F476A5AA1E}
		{D4D23314-F160-46BE-A79E-DDA975C7C2AB} = {08B019C7-DF0E-478C-9234-48F476A5AA1E}
		{61DF1046-3BDA-487E-9C28-91421EA19F69} = {08B019C7-DF0E-478C-9234-48F476A5AA1E}
		{1208010C-3593-4652-A0B1-22B3ACAB088F} = {08B019C7-DF0E-478C-9234-48F476A5AA1E}
		{E8538817-E47A-4792-BDB0-C640D0C8479D} = {08B019C7-DF0E-478C-9234-48F476A5AA1E}
		{E7B9B57C-15A9-4884-A8B9-AAD35EB9D75D} = {08B019C7-DF0E-478C-9234-48F476A5AA1E}
		{2C748E0F-3540-48D5-A646-14B0AB735C2B} = {08B019C7-DF0E-478C-9234-48F476A5AA1E}
		{5E35693F-9378-4DE7-AA26-0EC0FA6C1F75} = {08B019C7-DF0E-478C-9234-48F476A5AA1E}
	EndGlobalSection
EndGlobal
