
Microsoft Visual Studio Solution File, Format Version 12.00
# Visual Studio 2012
Project("{FAE04EC0-301F-11D3-BF4B-00C04F79EFBC}") = "Platform.TestClient", "Platform.TestClient\Platform.TestClient.csproj", "{9366FCEF-4F98-494E-88D0-BB716551C8C0}"
EndProject
Project("{FAE04EC0-301F-11D3-BF4B-00C04F79EFBC}") = "Platform.Core", "Platform.Core\Platform.Core.csproj", "{39F04669-CAA7-4F30-8BE2-6CF79F49F2E6}"
EndProject
Project("{FAE04EC0-301F-11D3-BF4B-00C04F79EFBC}") = "Platform.Node", "Platform.Node\Platform.Node.csproj", "{9B95971F-9DC9-4981-A7CB-8F6576EA39BB}"
EndProject
Project("{FAE04EC0-301F-11D3-BF4B-00C04F79EFBC}") = "SmartApp.Sample1.Chat", "SmartApp.Sample1.Chat\SmartApp.Sample1.Chat.csproj", "{C78D9059-3E80-4DA1-91EE-345D26298371}"
EndProject
Project("{FAE04EC0-301F-11D3-BF4B-00C04F79EFBC}") = "SmartApp.Sample2.Continuous", "SmartApp.Sample2.Continuous\SmartApp.Sample2.Continuous.csproj", "{F2159E41-F9B6-4EC8-8748-413CDC1DA1A9}"
EndProject
Project("{2150E333-8FDC-42A3-9474-1A3956D46DE8}") = "Samples (DEBUG only)", "Samples (DEBUG only)", "{8846155F-5016-478B-A62B-3864DA98B899}"
EndProject
Project("{FAE04EC0-301F-11D3-BF4B-00C04F79EFBC}") = "SmartApp.Sample3.Continuous", "SmartApp.Sample3.Continuous\SmartApp.Sample3.Continuous.csproj", "{34C1B019-E269-4F03-9E57-43515DA122D5}"
EndProject
Project("{FAE04EC0-301F-11D3-BF4B-00C04F79EFBC}") = "SmartApp.Sample3.Dump", "SmartApp.Sample3.Dump\SmartApp.Sample3.Dump.csproj", "{C867A050-FCCD-462C-AF0A-3B4AB53020A5}"
EndProject
Project("{FAE04EC0-301F-11D3-BF4B-00C04F79EFBC}") = "SmartApp.Sample3.WebUI", "SmartApp.Sample3.WebUI\SmartApp.Sample3.WebUI.csproj", "{5E6D9ED1-BB2B-4940-8A42-53D8C7C1C821}"
EndProject
Project("{FAE04EC0-301F-11D3-BF4B-00C04F79EFBC}") = "SmartApp.Sample3.Contracts", "SmartApp.Sample3.Contracts\SmartApp.Sample3.Contracts.csproj", "{FA56BCB1-EEF4-4ECE-8E41-A506AB5C0984}"
EndProject
Project("{FAE04EC0-301F-11D3-BF4B-00C04F79EFBC}") = "SmartApp.Sample3.Tests", "SmartApp.Sample3.Tests\SmartApp.Sample3.Tests.csproj", "{0E7E52A9-3E62-4726-BC75-1A22F2C14308}"
EndProject
Project("{FAE04EC0-301F-11D3-BF4B-00C04F79EFBC}") = "Platform.Core.Tests", "Platform.Core.Tests\Platform.Core.Tests.csproj", "{042AF43A-07DD-45C6-8720-90987D238A33}"
EndProject
Project("{FAE04EC0-301F-11D3-BF4B-00C04F79EFBC}") = "Platform.Node.Service", "Platform.Node.Service\Platform.Node.Service.csproj", "{D29B526C-A3B4-4BC9-91D1-2F0C9C154108}"
EndProject
Global
	GlobalSection(SolutionConfigurationPlatforms) = preSolution
		Debug|Any CPU = Debug|Any CPU
		Release|Any CPU = Release|Any CPU
	EndGlobalSection
	GlobalSection(ProjectConfigurationPlatforms) = postSolution
		{9366FCEF-4F98-494E-88D0-BB716551C8C0}.Debug|Any CPU.ActiveCfg = Debug|Any CPU
		{9366FCEF-4F98-494E-88D0-BB716551C8C0}.Debug|Any CPU.Build.0 = Debug|Any CPU
		{9366FCEF-4F98-494E-88D0-BB716551C8C0}.Release|Any CPU.ActiveCfg = Release|Any CPU
		{9366FCEF-4F98-494E-88D0-BB716551C8C0}.Release|Any CPU.Build.0 = Release|Any CPU
		{39F04669-CAA7-4F30-8BE2-6CF79F49F2E6}.Debug|Any CPU.ActiveCfg = Debug|Any CPU
		{39F04669-CAA7-4F30-8BE2-6CF79F49F2E6}.Debug|Any CPU.Build.0 = Debug|Any CPU
		{39F04669-CAA7-4F30-8BE2-6CF79F49F2E6}.Release|Any CPU.ActiveCfg = Release|Any CPU
		{39F04669-CAA7-4F30-8BE2-6CF79F49F2E6}.Release|Any CPU.Build.0 = Release|Any CPU
		{9B95971F-9DC9-4981-A7CB-8F6576EA39BB}.Debug|Any CPU.ActiveCfg = Debug|Any CPU
		{9B95971F-9DC9-4981-A7CB-8F6576EA39BB}.Debug|Any CPU.Build.0 = Debug|Any CPU
		{9B95971F-9DC9-4981-A7CB-8F6576EA39BB}.Release|Any CPU.ActiveCfg = Release|Any CPU
		{9B95971F-9DC9-4981-A7CB-8F6576EA39BB}.Release|Any CPU.Build.0 = Release|Any CPU
		{C78D9059-3E80-4DA1-91EE-345D26298371}.Debug|Any CPU.ActiveCfg = Debug|Any CPU
		{C78D9059-3E80-4DA1-91EE-345D26298371}.Debug|Any CPU.Build.0 = Debug|Any CPU
		{C78D9059-3E80-4DA1-91EE-345D26298371}.Release|Any CPU.ActiveCfg = Release|Any CPU
		{F2159E41-F9B6-4EC8-8748-413CDC1DA1A9}.Debug|Any CPU.ActiveCfg = Debug|Any CPU
		{F2159E41-F9B6-4EC8-8748-413CDC1DA1A9}.Debug|Any CPU.Build.0 = Debug|Any CPU
		{F2159E41-F9B6-4EC8-8748-413CDC1DA1A9}.Release|Any CPU.ActiveCfg = Release|Any CPU
		{34C1B019-E269-4F03-9E57-43515DA122D5}.Debug|Any CPU.ActiveCfg = Debug|Any CPU
		{34C1B019-E269-4F03-9E57-43515DA122D5}.Debug|Any CPU.Build.0 = Debug|Any CPU
		{34C1B019-E269-4F03-9E57-43515DA122D5}.Release|Any CPU.ActiveCfg = Release|Any CPU
		{C867A050-FCCD-462C-AF0A-3B4AB53020A5}.Debug|Any CPU.ActiveCfg = Debug|Any CPU
		{C867A050-FCCD-462C-AF0A-3B4AB53020A5}.Debug|Any CPU.Build.0 = Debug|Any CPU
		{C867A050-FCCD-462C-AF0A-3B4AB53020A5}.Release|Any CPU.ActiveCfg = Release|Any CPU
		{5E6D9ED1-BB2B-4940-8A42-53D8C7C1C821}.Debug|Any CPU.ActiveCfg = Debug|Any CPU
		{5E6D9ED1-BB2B-4940-8A42-53D8C7C1C821}.Debug|Any CPU.Build.0 = Debug|Any CPU
		{5E6D9ED1-BB2B-4940-8A42-53D8C7C1C821}.Release|Any CPU.ActiveCfg = Release|Any CPU
		{FA56BCB1-EEF4-4ECE-8E41-A506AB5C0984}.Debug|Any CPU.ActiveCfg = Debug|Any CPU
		{FA56BCB1-EEF4-4ECE-8E41-A506AB5C0984}.Debug|Any CPU.Build.0 = Debug|Any CPU
		{FA56BCB1-EEF4-4ECE-8E41-A506AB5C0984}.Release|Any CPU.ActiveCfg = Release|Any CPU
		{0E7E52A9-3E62-4726-BC75-1A22F2C14308}.Debug|Any CPU.ActiveCfg = Debug|Any CPU
		{0E7E52A9-3E62-4726-BC75-1A22F2C14308}.Debug|Any CPU.Build.0 = Debug|Any CPU
		{0E7E52A9-3E62-4726-BC75-1A22F2C14308}.Release|Any CPU.ActiveCfg = Release|Any CPU
		{042AF43A-07DD-45C6-8720-90987D238A33}.Debug|Any CPU.ActiveCfg = Debug|Any CPU
		{042AF43A-07DD-45C6-8720-90987D238A33}.Debug|Any CPU.Build.0 = Debug|Any CPU
		{042AF43A-07DD-45C6-8720-90987D238A33}.Release|Any CPU.ActiveCfg = Release|Any CPU
		{042AF43A-07DD-45C6-8720-90987D238A33}.Release|Any CPU.Build.0 = Release|Any CPU
		{D29B526C-A3B4-4BC9-91D1-2F0C9C154108}.Debug|Any CPU.ActiveCfg = Debug|Any CPU
		{D29B526C-A3B4-4BC9-91D1-2F0C9C154108}.Debug|Any CPU.Build.0 = Debug|Any CPU
		{D29B526C-A3B4-4BC9-91D1-2F0C9C154108}.Release|Any CPU.ActiveCfg = Release|Any CPU
		{D29B526C-A3B4-4BC9-91D1-2F0C9C154108}.Release|Any CPU.Build.0 = Release|Any CPU
	EndGlobalSection
	GlobalSection(SolutionProperties) = preSolution
		HideSolutionNode = FALSE
	EndGlobalSection
	GlobalSection(NestedProjects) = preSolution
		{F2159E41-F9B6-4EC8-8748-413CDC1DA1A9} = {8846155F-5016-478B-A62B-3864DA98B899}
		{C78D9059-3E80-4DA1-91EE-345D26298371} = {8846155F-5016-478B-A62B-3864DA98B899}
		{34C1B019-E269-4F03-9E57-43515DA122D5} = {8846155F-5016-478B-A62B-3864DA98B899}
		{C867A050-FCCD-462C-AF0A-3B4AB53020A5} = {8846155F-5016-478B-A62B-3864DA98B899}
		{5E6D9ED1-BB2B-4940-8A42-53D8C7C1C821} = {8846155F-5016-478B-A62B-3864DA98B899}
		{FA56BCB1-EEF4-4ECE-8E41-A506AB5C0984} = {8846155F-5016-478B-A62B-3864DA98B899}
		{0E7E52A9-3E62-4726-BC75-1A22F2C14308} = {8846155F-5016-478B-A62B-3864DA98B899}
	EndGlobalSection
EndGlobal
